
Microsoft Visual Studio Solution File, Format Version 12.00
# Visual Studio Version 17
VisualStudioVersion = 17.8.34330.188
MinimumVisualStudioVersion = 10.0.40219.1
Project("{FAE04EC0-301F-11D3-BF4B-00C04F79EFBC}") = "Joshua Gonzales ~ IST331 - DogYearsToHumanYears", "Joshua Gonzales ~ IST331 - DogYearsToHumanYears.csproj", "{281E17CB-6036-43A3-B71D-17481AC7CD41}"
EndProject
Global
	GlobalSection(SolutionConfigurationPlatforms) = preSolution
		Debug|Any CPU = Debug|Any CPU
		Release|Any CPU = Release|Any CPU
	EndGlobalSection
	GlobalSection(ProjectConfigurationPlatforms) = postSolution
		{281E17CB-6036-43A3-B71D-17481AC7CD41}.Debug|Any CPU.ActiveCfg = Debug|Any CPU
		{281E17CB-6036-43A3-B71D-17481AC7CD41}.Debug|Any CPU.Build.0 = Debug|Any CPU
		{281E17CB-6036-43A3-B71D-17481AC7CD41}.Release|Any CPU.ActiveCfg = Release|Any CPU
		{281E17CB-6036-43A3-B71D-17481AC7CD41}.Release|Any CPU.Build.0 = Release|Any CPU
	EndGlobalSection
	GlobalSection(SolutionProperties) = preSolution
		HideSolutionNode = FALSE
	EndGlobalSection
	GlobalSection(ExtensibilityGlobals) = postSolution
		SolutionGuid = {458DEAAE-14AF-42B3-8F8A-BD03B03A0AFC}
	EndGlobalSection
EndGlobal
